version = 1
requires-python = ">=3.12"

[manifest]
members = [
    "api",
    "domain",
]

[[package]]
name = "api"
version = "0.1.0"
source = { editable = "." }
dependencies = [
    { name = "domain" },
]

[package.metadata]
requires-dist = [{ name = "domain", editable = "packages/domain" }]

[[package]]
name = "domain"
version = "0.1.0"
source = { editable = "packages/domain" }
